
Microsoft Visual Studio Solution File, Format Version 12.00
# Visual Studio Version 17
VisualStudioVersion = 17.5.33424.131
MinimumVisualStudioVersion = 10.0.40219.1
Project("{FAE04EC0-301F-11D3-BF4B-00C04F79EFBC}") = "LinqToSql", "LinqToSql\LinqToSql.csproj", "{5983A423-496E-4E88-8914-5A172C1DDA6C}"
EndProject
Global
	GlobalSection(SolutionConfigurationPlatforms) = preSolution
		Debug|Any CPU = Debug|Any CPU
		Release|Any CPU = Release|Any CPU
	EndGlobalSection
	GlobalSection(ProjectConfigurationPlatforms) = postSolution
		{5983A423-496E-4E88-8914-5A172C1DDA6C}.Debug|Any CPU.ActiveCfg = Debug|Any CPU
		{5983A423-496E-4E88-8914-5A172C1DDA6C}.Debug|Any CPU.Build.0 = Debug|Any CPU
		{5983A423-496E-4E88-8914-5A172C1DDA6C}.Release|Any CPU.ActiveCfg = Release|Any CPU
		{5983A423-496E-4E88-8914-5A172C1DDA6C}.Release|Any CPU.Build.0 = Release|Any CPU
	EndGlobalSection
	GlobalSection(SolutionProperties) = preSolution
		HideSolutionNode = FALSE
	EndGlobalSection
	GlobalSection(ExtensibilityGlobals) = postSolution
		SolutionGuid = {52523993-7F65-4E8B-B86E-044051582118}
	EndGlobalSection
EndGlobal
